
Microsoft Visual Studio Solution File, Format Version 12.00
# Visual Studio Version 18
VisualStudioVersion = 18.2.11415.280 d18.0
MinimumVisualStudioVersion = 10.0.40219.1
Project("{FAE04EC0-301F-11D3-BF4B-00C04F79EFBC}") = "GpsTrackingApi", "GpsTrackingApi.csproj", "{CF22BFA3-4E43-5FBD-A913-5A56C6040007}"
EndProject
Global
	GlobalSection(SolutionConfigurationPlatforms) = preSolution
		Debug|Any CPU = Debug|Any CPU
		Release|Any CPU = Release|Any CPU
	EndGlobalSection
	GlobalSection(ProjectConfigurationPlatforms) = postSolution
		{CF22BFA3-4E43-5FBD-A913-5A56C6040007}.Debug|Any CPU.ActiveCfg = Debug|Any CPU
		{CF22BFA3-4E43-5FBD-A913-5A56C6040007}.Debug|Any CPU.Build.0 = Debug|Any CPU
		{CF22BFA3-4E43-5FBD-A913-5A56C6040007}.Release|Any CPU.ActiveCfg = Release|Any CPU
		{CF22BFA3-4E43-5FBD-A913-5A56C6040007}.Release|Any CPU.Build.0 = Release|Any CPU
	EndGlobalSection
	GlobalSection(SolutionProperties) = preSolution
		HideSolutionNode = FALSE
	EndGlobalSection
	GlobalSection(ExtensibilityGlobals) = postSolution
		SolutionGuid = {E5B7E437-BAD7-4846-ADB1-AA6DDEE84EB0}
	EndGlobalSection
EndGlobal
